PODS:
  - Cider (0.10.0)
  - Hue (3.0.1)
  - SwiftLint (0.24.2)

DEPENDENCIES:
  - Cider (~> 0.10)
  - Hue
  - SwiftLint

SPEC REPOS:
  https://github.com/cocoapods/specs.git:
    - Cider
    - Hue
    - SwiftLint

SPEC CHECKSUMS:
  Cider: 7d9518cfa70692d41f8f860bd04da33510479362
  Hue: 93e852fa6211ab35922ad8c293f51c43d6c79eb2
  SwiftLint: 2aa21b96c8d13396a051bc1cb659d2ce1e0075b0

PODFILE CHECKSUM: 9df496a6f2335a79a5d76776cce99e56f5ed52d8

COCOAPODS: 1.5.3
