PODS:
  - AppCenter (1.7.1):
    - AppCenter/Analytics (= 1.7.1)
    - AppCenter/Crashes (= 1.7.1)
  - AppCenter/Analytics (1.7.1):
    - AppCenter/Core
  - AppCenter/Core (1.7.1)
  - AppCenter/Crashes (1.7.1):
    - AppCenter/Core
  - BDKCollectionIndexView (2.2.2)
  - DeckTransition (2.0.0)
  - Gestalt (1.1.0)
  - Hue (3.0.1)
  - MarqueeLabel/Swift (3.1.6)
  - SwiftIcons (2.0.1)
  - SwiftLint (0.24.2)
  - ValueAnimator (0.1.3)
  - ViewAnimator (2.1.1)

DEPENDENCIES:
  - AppCenter
  - BDKCollectionIndexView
  - DeckTransition (~> 2.0)
  - Gestalt
  - Hue
  - MarqueeLabel/Swift
  - SwiftIcons (~> 2.0.1)
  - SwiftLint
  - ValueAnimator
  - ViewAnimator

SPEC REPOS:
  https://github.com/cocoapods/specs.git:
    - AppCenter
    - BDKCollectionIndexView
    - DeckTransition
    - Gestalt
    - Hue
    - MarqueeLabel
    - SwiftIcons
    - SwiftLint
    - ValueAnimator
    - ViewAnimator

SPEC CHECKSUMS:
  AppCenter: 53349f138e596f2514f7559bb50a7e6e55219f17
  BDKCollectionIndexView: 489a0c57d27fafe6944ef61e5a4192902148ea84
  DeckTransition: 2300694f94fbeca2c103f365dc9dc09ffae14a4f
  Gestalt: be239fdeee2de30b2468865cf5e24b7923f507c2
  Hue: 93e852fa6211ab35922ad8c293f51c43d6c79eb2
  MarqueeLabel: 0c41f08ef5773e29c0f71064a8fa788a2fd8b365
  SwiftIcons: e475a56ae2c2da40672dbf16061ca5dd5cee7dbb
  SwiftLint: 2aa21b96c8d13396a051bc1cb659d2ce1e0075b0
  ValueAnimator: ff6663ebb42f0bfa5df762d3051b3a6c35875be4
  ViewAnimator: 43c31539508d995ea2c5e98338211f7c009b358f

PODFILE CHECKSUM: 1a213504170e70493c9653e773efc0f159a50262

COCOAPODS: 1.5.3
